
Microsoft Visual Studio Solution File, Format Version 12.00
# Visual Studio 15
VisualStudioVersion = 15.0.28307.438
MinimumVisualStudioVersion = 10.0.40219.1
Project("{FAE04EC0-301F-11D3-BF4B-00C04F79EFBC}") = "ColaApp.Client", "ColaApp.Client\ColaApp.Client.csproj", "{AA4909E9-A5D1-44E0-94AC-FD9E97D84272}"
EndProject
Project("{9A19103F-16F7-4668-BE54-9A1E7A4F7556}") = "Utils", "Utils\Utils.csproj", "{ABA10E4B-BEDA-45DE-B15E-6EACE37A460A}"
EndProject
Project("{9A19103F-16F7-4668-BE54-9A1E7A4F7556}") = "ColaApp.Server", "ColaApp.Server\ColaApp.Server.csproj", "{1ACFA1CA-04DF-451F-85B4-81CDAFE235F9}"
EndProject
Project("{FAE04EC0-301F-11D3-BF4B-00C04F79EFBC}") = "ColaApp.Client.Core", "ColaApp.Client.Core\ColaApp.Client.Core.csproj", "{DD3B6C62-E8D9-497E-8D87-DAF05A60AB8D}"
EndProject
Global
	GlobalSection(SolutionConfigurationPlatforms) = preSolution
		Debug|Any CPU = Debug|Any CPU
		Release|Any CPU = Release|Any CPU
	EndGlobalSection
	GlobalSection(ProjectConfigurationPlatforms) = postSolution
		{AA4909E9-A5D1-44E0-94AC-FD9E97D84272}.Debug|Any CPU.ActiveCfg = Debug|Any CPU
		{AA4909E9-A5D1-44E0-94AC-FD9E97D84272}.Debug|Any CPU.Build.0 = Debug|Any CPU
		{AA4909E9-A5D1-44E0-94AC-FD9E97D84272}.Release|Any CPU.ActiveCfg = Release|Any CPU
		{AA4909E9-A5D1-44E0-94AC-FD9E97D84272}.Release|Any CPU.Build.0 = Release|Any CPU
		{ABA10E4B-BEDA-45DE-B15E-6EACE37A460A}.Debug|Any CPU.ActiveCfg = Debug|Any CPU
		{ABA10E4B-BEDA-45DE-B15E-6EACE37A460A}.Debug|Any CPU.Build.0 = Debug|Any CPU
		{ABA10E4B-BEDA-45DE-B15E-6EACE37A460A}.Release|Any CPU.ActiveCfg = Release|Any CPU
		{ABA10E4B-BEDA-45DE-B15E-6EACE37A460A}.Release|Any CPU.Build.0 = Release|Any CPU
		{1ACFA1CA-04DF-451F-85B4-81CDAFE235F9}.Debug|Any CPU.ActiveCfg = Debug|Any CPU
		{1ACFA1CA-04DF-451F-85B4-81CDAFE235F9}.Debug|Any CPU.Build.0 = Debug|Any CPU
		{1ACFA1CA-04DF-451F-85B4-81CDAFE235F9}.Release|Any CPU.ActiveCfg = Release|Any CPU
		{1ACFA1CA-04DF-451F-85B4-81CDAFE235F9}.Release|Any CPU.Build.0 = Release|Any CPU
		{DD3B6C62-E8D9-497E-8D87-DAF05A60AB8D}.Debug|Any CPU.ActiveCfg = Debug|Any CPU
		{DD3B6C62-E8D9-497E-8D87-DAF05A60AB8D}.Debug|Any CPU.Build.0 = Debug|Any CPU
		{DD3B6C62-E8D9-497E-8D87-DAF05A60AB8D}.Release|Any CPU.ActiveCfg = Release|Any CPU
		{DD3B6C62-E8D9-497E-8D87-DAF05A60AB8D}.Release|Any CPU.Build.0 = Release|Any CPU
	EndGlobalSection
	GlobalSection(SolutionProperties) = preSolution
		HideSolutionNode = FALSE
	EndGlobalSection
	GlobalSection(ExtensibilityGlobals) = postSolution
		SolutionGuid = {669B617D-6EA3-4DCE-A856-63A138DE22BE}
	EndGlobalSection
EndGlobal
